
Microsoft Visual Studio Solution File, Format Version 12.00
# Visual Studio Version 17
VisualStudioVersion = 17.13.35931.197 d17.13
MinimumVisualStudioVersion = 10.0.40219.1
Project("{8BC9CEB8-8B4A-11D0-8D11-00A0C91BC942}") = "CSC222-M4-Proj-AuM", "CSC222-M4-Proj-AuM.vcxproj", "{182F2CE9-EBC6-4DD1-B6B6-04FCB67A45F7}"
EndProject
Global
	GlobalSection(SolutionConfigurationPlatforms) = preSolution
		Debug|x64 = Debug|x64
		Debug|x86 = Debug|x86
		Release|x64 = Release|x64
		Release|x86 = Release|x86
	EndGlobalSection
	GlobalSection(ProjectConfigurationPlatforms) = postSolution
		{182F2CE9-EBC6-4DD1-B6B6-04FCB67A45F7}.Debug|x64.ActiveCfg = Debug|x64
		{182F2CE9-EBC6-4DD1-B6B6-04FCB67A45F7}.Debug|x64.Build.0 = Debug|x64
		{182F2CE9-EBC6-4DD1-B6B6-04FCB67A45F7}.Debug|x86.ActiveCfg = Debug|Win32
		{182F2CE9-EBC6-4DD1-B6B6-04FCB67A45F7}.Debug|x86.Build.0 = Debug|Win32
		{182F2CE9-EBC6-4DD1-B6B6-04FCB67A45F7}.Release|x64.ActiveCfg = Release|x64
		{182F2CE9-EBC6-4DD1-B6B6-04FCB67A45F7}.Release|x64.Build.0 = Release|x64
		{182F2CE9-EBC6-4DD1-B6B6-04FCB67A45F7}.Release|x86.ActiveCfg = Release|Win32
		{182F2CE9-EBC6-4DD1-B6B6-04FCB67A45F7}.Release|x86.Build.0 = Release|Win32
	EndGlobalSection
	GlobalSection(SolutionProperties) = preSolution
		HideSolutionNode = FALSE
	EndGlobalSection
	GlobalSection(ExtensibilityGlobals) = postSolution
		SolutionGuid = {E4E86A42-9915-46F6-9E1F-3226E42837C5}
	EndGlobalSection
EndGlobal
